
Microsoft Visual Studio Solution File, Format Version 12.00
# Visual Studio 15
VisualStudioVersion = 15.0.26730.16
MinimumVisualStudioVersion = 10.0.40219.1
Project("{FAE04EC0-301F-11D3-BF4B-00C04F79EFBC}") = "Booking.Oop.Imperative", "Booking.Oop.Imperative\Booking.Oop.Imperative.csproj", "{E03F114D-26AC-4BD4-ABB8-49657777602F}"
EndProject
Project("{F2A71F9B-5D33-465A-A702-920D77279786}") = "Booking.Functional", "Booking.Functional\Booking.Functional.fsproj", "{A5CCDB83-71BB-4A24-A6D8-46DF28B51D2C}"
EndProject
Project("{FAE04EC0-301F-11D3-BF4B-00C04F79EFBC}") = "Booking.Oop.Functional", "Booking.Oop.Functional\Booking.Oop.Functional.csproj", "{28FFDC23-5539-4AA2-8B58-8F7701340F6D}"
EndProject
Global
	GlobalSection(SolutionConfigurationPlatforms) = preSolution
		Debug|Any CPU = Debug|Any CPU
		Release|Any CPU = Release|Any CPU
	EndGlobalSection
	GlobalSection(ProjectConfigurationPlatforms) = postSolution
		{E03F114D-26AC-4BD4-ABB8-49657777602F}.Debug|Any CPU.ActiveCfg = Debug|Any CPU
		{E03F114D-26AC-4BD4-ABB8-49657777602F}.Debug|Any CPU.Build.0 = Debug|Any CPU
		{E03F114D-26AC-4BD4-ABB8-49657777602F}.Release|Any CPU.ActiveCfg = Release|Any CPU
		{E03F114D-26AC-4BD4-ABB8-49657777602F}.Release|Any CPU.Build.0 = Release|Any CPU
		{A5CCDB83-71BB-4A24-A6D8-46DF28B51D2C}.Debug|Any CPU.ActiveCfg = Debug|Any CPU
		{A5CCDB83-71BB-4A24-A6D8-46DF28B51D2C}.Debug|Any CPU.Build.0 = Debug|Any CPU
		{A5CCDB83-71BB-4A24-A6D8-46DF28B51D2C}.Release|Any CPU.ActiveCfg = Release|Any CPU
		{A5CCDB83-71BB-4A24-A6D8-46DF28B51D2C}.Release|Any CPU.Build.0 = Release|Any CPU
		{28FFDC23-5539-4AA2-8B58-8F7701340F6D}.Debug|Any CPU.ActiveCfg = Debug|Any CPU
		{28FFDC23-5539-4AA2-8B58-8F7701340F6D}.Debug|Any CPU.Build.0 = Debug|Any CPU
		{28FFDC23-5539-4AA2-8B58-8F7701340F6D}.Release|Any CPU.ActiveCfg = Release|Any CPU
		{28FFDC23-5539-4AA2-8B58-8F7701340F6D}.Release|Any CPU.Build.0 = Release|Any CPU
	EndGlobalSection
	GlobalSection(SolutionProperties) = preSolution
		HideSolutionNode = FALSE
	EndGlobalSection
	GlobalSection(ExtensibilityGlobals) = postSolution
		SolutionGuid = {3AED39E1-1B68-4A1E-AEB1-C09EB7C5F3ED}
	EndGlobalSection
EndGlobal
